
Microsoft Visual Studio Solution File, Format Version 12.00
# Visual Studio Version 17
VisualStudioVersion = 17.5.002.0
MinimumVisualStudioVersion = 10.0.40219.1
Project("{9A19103F-16F7-4668-BE54-9A1E7A4F7556}") = "ap1", "ap1.csproj", "{9506A0BC-E313-4165-969D-94445DB3A173}"
EndProject
Global
	GlobalSection(SolutionConfigurationPlatforms) = preSolution
		Debug|Any CPU = Debug|Any CPU
		Release|Any CPU = Release|Any CPU
	EndGlobalSection
	GlobalSection(ProjectConfigurationPlatforms) = postSolution
		{9506A0BC-E313-4165-969D-94445DB3A173}.Debug|Any CPU.ActiveCfg = Debug|Any CPU
		{9506A0BC-E313-4165-969D-94445DB3A173}.Debug|Any CPU.Build.0 = Debug|Any CPU
		{9506A0BC-E313-4165-969D-94445DB3A173}.Release|Any CPU.ActiveCfg = Release|Any CPU
		{9506A0BC-E313-4165-969D-94445DB3A173}.Release|Any CPU.Build.0 = Release|Any CPU
	EndGlobalSection
	GlobalSection(SolutionProperties) = preSolution
		HideSolutionNode = FALSE
	EndGlobalSection
	GlobalSection(ExtensibilityGlobals) = postSolution
		SolutionGuid = {EF73B4E1-22FC-41D7-B632-50FDF7EA3436}
	EndGlobalSection
EndGlobal
